
Microsoft Visual Studio Solution File, Format Version 12.00
# Visual Studio Version 17
VisualStudioVersion = 17.3.32825.248
MinimumVisualStudioVersion = 10.0.40219.1
Project("{FAE04EC0-301F-11D3-BF4B-00C04F79EFBC}") = "Giraffe", "Giraffe.csproj", "{39A40DED-2923-4AE9-AAFF-B0AE8973CA29}"
EndProject
Global
	GlobalSection(SolutionConfigurationPlatforms) = preSolution
		Debug|Any CPU = Debug|Any CPU
		Release|Any CPU = Release|Any CPU
	EndGlobalSection
	GlobalSection(ProjectConfigurationPlatforms) = postSolution
		{39A40DED-2923-4AE9-AAFF-B0AE8973CA29}.Debug|Any CPU.ActiveCfg = Debug|Any CPU
		{39A40DED-2923-4AE9-AAFF-B0AE8973CA29}.Debug|Any CPU.Build.0 = Debug|Any CPU
		{39A40DED-2923-4AE9-AAFF-B0AE8973CA29}.Release|Any CPU.ActiveCfg = Release|Any CPU
		{39A40DED-2923-4AE9-AAFF-B0AE8973CA29}.Release|Any CPU.Build.0 = Release|Any CPU
	EndGlobalSection
	GlobalSection(SolutionProperties) = preSolution
		HideSolutionNode = FALSE
	EndGlobalSection
	GlobalSection(ExtensibilityGlobals) = postSolution
		SolutionGuid = {F12EE69A-6904-4232-9099-D40A1BE4DAC2}
	EndGlobalSection
EndGlobal
